
Microsoft Visual Studio Solution File, Format Version 12.00
# Visual Studio Version 17
VisualStudioVersion = 17.0.31903.59
MinimumVisualStudioVersion = 10.0.40219.1
Project("{2150E333-8FDC-42A3-9474-1A3956D46DE8}") = "src", "src", "{F3B05BB1-3F82-4A60-874B-808CB3938381}"
EndProject
Project("{FAE04EC0-301F-11D3-BF4B-00C04F79EFBC}") = "MediaService", "src\MediaService\MediaService.csproj", "{72955A86-FA1D-4607-909D-5B27B2337867}"
EndProject
Project("{FAE04EC0-301F-11D3-BF4B-00C04F79EFBC}") = "SearchService", "src\SearchService\SearchService.csproj", "{DCC20129-B429-4B79-983B-5B3AAAE5975E}"
EndProject
Project("{FAE04EC0-301F-11D3-BF4B-00C04F79EFBC}") = "Contracts", "src\Contracts\Contracts.csproj", "{13FCEE71-08BE-4F81-A171-17B8EE1D5287}"
EndProject
Project("{FAE04EC0-301F-11D3-BF4B-00C04F79EFBC}") = "IdentityService", "src\IdentityService\IdentityService.csproj", "{D5D6FF4D-65C0-45C2-86DB-261DCE3A6BF3}"
EndProject
Project("{FAE04EC0-301F-11D3-BF4B-00C04F79EFBC}") = "GatewayService", "src\GatewayService\GatewayService.csproj", "{271A1D3F-53BC-4524-A258-2332C33F493D}"
EndProject
Project("{2150E333-8FDC-42A3-9474-1A3956D46DE8}") = "tests", "tests", "{10C16F61-1B75-4722-8BEF-FEA224B92F13}"
EndProject
Project("{FAE04EC0-301F-11D3-BF4B-00C04F79EFBC}") = "mediaService.UnitTests", "tests\mediaService.UnitTests\mediaService.UnitTests.csproj", "{8C73E8B6-2F12-445E-B34D-D0E5BDDBA8C6}"
EndProject
Project("{FAE04EC0-301F-11D3-BF4B-00C04F79EFBC}") = "DaemonDo", "src\DaemonDo\DaemonDo.csproj", "{558F1AF8-BB67-4765-88D9-7C029A74EB54}"
EndProject
Project("{FAE04EC0-301F-11D3-BF4B-00C04F79EFBC}") = "VideoFileService.IntegrationTests", "tests\VideoFileService.IntegrationTests\VideoFileService.IntegrationTests.csproj", "{2F226407-1BBC-4F97-877F-F6A727502241}"
EndProject
Project("{FAE04EC0-301F-11D3-BF4B-00C04F79EFBC}") = "WinslowUI", "src\WinslowUI\WinslowUI.csproj", "{C5B22036-CC4E-4A16-9A62-E38E164BE902}"
EndProject
Global
	GlobalSection(SolutionConfigurationPlatforms) = preSolution
		Debug|Any CPU = Debug|Any CPU
		Release|Any CPU = Release|Any CPU
	EndGlobalSection
	GlobalSection(ProjectConfigurationPlatforms) = postSolution
		{72955A86-FA1D-4607-909D-5B27B2337867}.Debug|Any CPU.ActiveCfg = Debug|Any CPU
		{72955A86-FA1D-4607-909D-5B27B2337867}.Debug|Any CPU.Build.0 = Debug|Any CPU
		{72955A86-FA1D-4607-909D-5B27B2337867}.Release|Any CPU.ActiveCfg = Release|Any CPU
		{72955A86-FA1D-4607-909D-5B27B2337867}.Release|Any CPU.Build.0 = Release|Any CPU
		{DCC20129-B429-4B79-983B-5B3AAAE5975E}.Debug|Any CPU.ActiveCfg = Debug|Any CPU
		{DCC20129-B429-4B79-983B-5B3AAAE5975E}.Debug|Any CPU.Build.0 = Debug|Any CPU
		{DCC20129-B429-4B79-983B-5B3AAAE5975E}.Release|Any CPU.ActiveCfg = Release|Any CPU
		{DCC20129-B429-4B79-983B-5B3AAAE5975E}.Release|Any CPU.Build.0 = Release|Any CPU
		{13FCEE71-08BE-4F81-A171-17B8EE1D5287}.Debug|Any CPU.ActiveCfg = Debug|Any CPU
		{13FCEE71-08BE-4F81-A171-17B8EE1D5287}.Debug|Any CPU.Build.0 = Debug|Any CPU
		{13FCEE71-08BE-4F81-A171-17B8EE1D5287}.Release|Any CPU.ActiveCfg = Release|Any CPU
		{13FCEE71-08BE-4F81-A171-17B8EE1D5287}.Release|Any CPU.Build.0 = Release|Any CPU
		{D5D6FF4D-65C0-45C2-86DB-261DCE3A6BF3}.Debug|Any CPU.ActiveCfg = Debug|Any CPU
		{D5D6FF4D-65C0-45C2-86DB-261DCE3A6BF3}.Debug|Any CPU.Build.0 = Debug|Any CPU
		{D5D6FF4D-65C0-45C2-86DB-261DCE3A6BF3}.Release|Any CPU.ActiveCfg = Release|Any CPU
		{D5D6FF4D-65C0-45C2-86DB-261DCE3A6BF3}.Release|Any CPU.Build.0 = Release|Any CPU
		{271A1D3F-53BC-4524-A258-2332C33F493D}.Debug|Any CPU.ActiveCfg = Debug|Any CPU
		{271A1D3F-53BC-4524-A258-2332C33F493D}.Debug|Any CPU.Build.0 = Debug|Any CPU
		{271A1D3F-53BC-4524-A258-2332C33F493D}.Release|Any CPU.ActiveCfg = Release|Any CPU
		{271A1D3F-53BC-4524-A258-2332C33F493D}.Release|Any CPU.Build.0 = Release|Any CPU
		{8C73E8B6-2F12-445E-B34D-D0E5BDDBA8C6}.Debug|Any CPU.ActiveCfg = Debug|Any CPU
		{8C73E8B6-2F12-445E-B34D-D0E5BDDBA8C6}.Debug|Any CPU.Build.0 = Debug|Any CPU
		{8C73E8B6-2F12-445E-B34D-D0E5BDDBA8C6}.Release|Any CPU.ActiveCfg = Release|Any CPU
		{8C73E8B6-2F12-445E-B34D-D0E5BDDBA8C6}.Release|Any CPU.Build.0 = Release|Any CPU
		{558F1AF8-BB67-4765-88D9-7C029A74EB54}.Debug|Any CPU.ActiveCfg = Debug|Any CPU
		{558F1AF8-BB67-4765-88D9-7C029A74EB54}.Debug|Any CPU.Build.0 = Debug|Any CPU
		{558F1AF8-BB67-4765-88D9-7C029A74EB54}.Release|Any CPU.ActiveCfg = Release|Any CPU
		{558F1AF8-BB67-4765-88D9-7C029A74EB54}.Release|Any CPU.Build.0 = Release|Any CPU
		{2F226407-1BBC-4F97-877F-F6A727502241}.Debug|Any CPU.ActiveCfg = Debug|Any CPU
		{2F226407-1BBC-4F97-877F-F6A727502241}.Debug|Any CPU.Build.0 = Debug|Any CPU
		{2F226407-1BBC-4F97-877F-F6A727502241}.Release|Any CPU.ActiveCfg = Release|Any CPU
		{2F226407-1BBC-4F97-877F-F6A727502241}.Release|Any CPU.Build.0 = Release|Any CPU
		{C5B22036-CC4E-4A16-9A62-E38E164BE902}.Debug|Any CPU.ActiveCfg = Debug|Any CPU
		{C5B22036-CC4E-4A16-9A62-E38E164BE902}.Debug|Any CPU.Build.0 = Debug|Any CPU
		{C5B22036-CC4E-4A16-9A62-E38E164BE902}.Release|Any CPU.ActiveCfg = Release|Any CPU
		{C5B22036-CC4E-4A16-9A62-E38E164BE902}.Release|Any CPU.Build.0 = Release|Any CPU
	EndGlobalSection
	GlobalSection(SolutionProperties) = preSolution
		HideSolutionNode = FALSE
	EndGlobalSection
	GlobalSection(NestedProjects) = preSolution
		{72955A86-FA1D-4607-909D-5B27B2337867} = {F3B05BB1-3F82-4A60-874B-808CB3938381}
		{DCC20129-B429-4B79-983B-5B3AAAE5975E} = {F3B05BB1-3F82-4A60-874B-808CB3938381}
		{13FCEE71-08BE-4F81-A171-17B8EE1D5287} = {F3B05BB1-3F82-4A60-874B-808CB3938381}
		{D5D6FF4D-65C0-45C2-86DB-261DCE3A6BF3} = {F3B05BB1-3F82-4A60-874B-808CB3938381}
		{271A1D3F-53BC-4524-A258-2332C33F493D} = {F3B05BB1-3F82-4A60-874B-808CB3938381}
		{8C73E8B6-2F12-445E-B34D-D0E5BDDBA8C6} = {10C16F61-1B75-4722-8BEF-FEA224B92F13}
		{558F1AF8-BB67-4765-88D9-7C029A74EB54} = {F3B05BB1-3F82-4A60-874B-808CB3938381}
		{2F226407-1BBC-4F97-877F-F6A727502241} = {10C16F61-1B75-4722-8BEF-FEA224B92F13}
		{C5B22036-CC4E-4A16-9A62-E38E164BE902} = {F3B05BB1-3F82-4A60-874B-808CB3938381}
	EndGlobalSection
EndGlobal
